
Microsoft Visual Studio Solution File, Format Version 12.00
# Visual Studio Version 17
VisualStudioVersion = 17.5.33516.290
MinimumVisualStudioVersion = 10.0.40219.1
Project("{FAE04EC0-301F-11D3-BF4B-00C04F79EFBC}") = "WindowsOCR", "WindowsOCR.csproj", "{9C512B37-56F5-4894-B468-84A6836863DE}"
EndProject
Global
	GlobalSection(SolutionConfigurationPlatforms) = preSolution
		Debug|Any CPU = Debug|Any CPU
		Release|Any CPU = Release|Any CPU
	EndGlobalSection
	GlobalSection(ProjectConfigurationPlatforms) = postSolution
		{9C512B37-56F5-4894-B468-84A6836863DE}.Debug|Any CPU.ActiveCfg = Debug|Any CPU
		{9C512B37-56F5-4894-B468-84A6836863DE}.Debug|Any CPU.Build.0 = Debug|Any CPU
		{9C512B37-56F5-4894-B468-84A6836863DE}.Release|Any CPU.ActiveCfg = Release|Any CPU
		{9C512B37-56F5-4894-B468-84A6836863DE}.Release|Any CPU.Build.0 = Release|Any CPU
	EndGlobalSection
	GlobalSection(SolutionProperties) = preSolution
		HideSolutionNode = FALSE
	EndGlobalSection
	GlobalSection(ExtensibilityGlobals) = postSolution
		SolutionGuid = {C0A6D5D6-6340-4053-9B20-8A38DD4CB506}
	EndGlobalSection
EndGlobal
